
Microsoft Visual Studio Solution File, Format Version 12.00
# Visual Studio Version 17
VisualStudioVersion = 17.0.32126.317
MinimumVisualStudioVersion = 10.0.40219.1
Project("{FAE04EC0-301F-11D3-BF4B-00C04F79EFBC}") = "ConsoleApp321", "ConsoleApp321\ConsoleApp321.csproj", "{8C31EBC1-BF54-4365-9592-714216234266}"
EndProject
Global
	GlobalSection(SolutionConfigurationPlatforms) = preSolution
		Debug|Any CPU = Debug|Any CPU
		Release|Any CPU = Release|Any CPU
	EndGlobalSection
	GlobalSection(ProjectConfigurationPlatforms) = postSolution
		{8C31EBC1-BF54-4365-9592-714216234266}.Debug|Any CPU.ActiveCfg = Debug|Any CPU
		{8C31EBC1-BF54-4365-9592-714216234266}.Debug|Any CPU.Build.0 = Debug|Any CPU
		{8C31EBC1-BF54-4365-9592-714216234266}.Release|Any CPU.ActiveCfg = Release|Any CPU
		{8C31EBC1-BF54-4365-9592-714216234266}.Release|Any CPU.Build.0 = Release|Any CPU
	EndGlobalSection
	GlobalSection(SolutionProperties) = preSolution
		HideSolutionNode = FALSE
	EndGlobalSection
	GlobalSection(ExtensibilityGlobals) = postSolution
		SolutionGuid = {D122C637-284E-452B-A63E-47CB4E6CB3AB}
	EndGlobalSection
EndGlobal
